{
  "name": "kiro-memory-skill",
  "version": "3.3.0",
  "lockfileVersion": 3,
  "requires": true,
  "packages": {
    "": {
      "name": "kiro-memory-skill",
      "version": "3.3.0",
      "license": "MIT",
      "bin": {
        "kiro-memory-skill": "bin/forward.mjs"
      },
      "engines": {
        "node": ">=18"
      }
    }
  }
}
